
Microsoft Visual Studio Solution File, Format Version 12.00
# Visual Studio Version 16
VisualStudioVersion = 16.0.28803.156
MinimumVisualStudioVersion = 10.0.40219.1
Project("{FAE04EC0-301F-11D3-BF4B-00C04F79EFBC}") = "STARK - Compiler and Debugger", "STARK - Compiler and Debugger.csproj", "{D2E6652E-B5CD-4AE0-B88B-863A436A2A20}"
EndProject
Global
	GlobalSection(SolutionConfigurationPlatforms) = preSolution
		Debug|Any CPU = Debug|Any CPU
		Release|Any CPU = Release|Any CPU
	EndGlobalSection
	GlobalSection(ProjectConfigurationPlatforms) = postSolution
		{D2E6652E-B5CD-4AE0-B88B-863A436A2A20}.Debug|Any CPU.ActiveCfg = Debug|Any CPU
		{D2E6652E-B5CD-4AE0-B88B-863A436A2A20}.Debug|Any CPU.Build.0 = Debug|Any CPU
		{D2E6652E-B5CD-4AE0-B88B-863A436A2A20}.Release|Any CPU.ActiveCfg = Release|Any CPU
		{D2E6652E-B5CD-4AE0-B88B-863A436A2A20}.Release|Any CPU.Build.0 = Release|Any CPU
	EndGlobalSection
	GlobalSection(SolutionProperties) = preSolution
		HideSolutionNode = FALSE
	EndGlobalSection
	GlobalSection(ExtensibilityGlobals) = postSolution
		SolutionGuid = {94D01187-9106-4B75-B281-31E419B645E8}
	EndGlobalSection
EndGlobal
